<?xml version="1.0" encoding="utf-8"?>
<Project ToolsVersion="4.0" xmlns="http://schemas.microsoft.com/developer/msbuild/2003">
  <ItemGroup>
    <Filter Include="Source Files">
      <UniqueIdentifier>{4FC737F1-C7A5-4376-A066-2A32D752A2FF}</UniqueIdentifier>
      <Extensions>cpp;c;cc;cxx;c++;cppm;ixx;def;odl;idl;hpj;bat;asm;asmx</Extensions>
    </Filter>
    <Filter Include="Header Files">
      <UniqueIdentifier>{93995380-89BD-4b04-88EB-625FBE52EBFB}</UniqueIdentifier>
      <Extensions>h;hh;hpp;hxx;h++;hm;inl;inc;ipp;xsd</Extensions>
    </Filter>
    <Filter Include="Resource Files">
      <UniqueIdentifier>{67DA6AB6-F800-4c08-8B7A-83BB121AAD01}</UniqueIdentifier>
      <Extensions>rc;ico;cur;bmp;dlg;rc2;rct;bin;rgs;gif;jpg;jpeg;jpe;resx;tiff;tif;png;wav;mfcribbon-ms</Extensions>
    </Filter>
  </ItemGroup>
  <ItemGroup>
    <ClCompile Include="VentanaPrincipal.cpp">
      <Filter>Source Files</Filter>
    </ClCompile>
    <ClCompile Include="ArbolRN.cpp">
      <Filter>Header Files</Filter>
    </ClCompile>
    <ClCompile Include="ArbolAA.cpp">
      <Filter>Header Files</Filter>
    </ClCompile>
    <ClCompile Include="ArbolAVL.cpp">
      <Filter>Header Files</Filter>
    </ClCompile>
    <ClCompile Include="ArbolB.cpp">
      <Filter>Header Files</Filter>
    </ClCompile>
    <ClCompile Include="ArbolBB.cpp">
      <Filter>Header Files</Filter>
    </ClCompile>
    <ClCompile Include="NodoABB.cpp">
      <Filter>Header Files</Filter>
    </ClCompile>
    <ClCompile Include="NodoAVL.cpp">
      <Filter>Header Files</Filter>
    </ClCompile>
    <ClCompile Include="NodoARN.cpp">
      <Filter>Header Files</Filter>
    </ClCompile>
    <ClCompile Include="NodoAAA.cpp">
      <Filter>Header Files</Filter>
    </ClCompile>
    <ClCompile Include="NodoAB.cpp">
      <Filter>Header Files</Filter>
    </ClCompile>
    <ClCompile Include="Utilidades.cpp">
      <Filter>Header Files</Filter>
    </ClCompile>
    <ClCompile Include="VentanaSupermercado.cpp">
      <Filter>Source Files</Filter>
    </ClCompile>
    <ClCompile Include="VentanaInsercion.cpp">
      <Filter>Source Files</Filter>
    </ClCompile>
    <ClCompile Include="VentanaConsultas.cpp">
      <Filter>Source Files</Filter>
    </ClCompile>
    <ClCompile Include="VentanaModificacion.cpp">
      <Filter>Source Files</Filter>
    </ClCompile>
    <ClCompile Include="Proyecto3.cpp">
      <Filter>Header Files</Filter>
    </ClCompile>
    <ClCompile Include="VentanaEliminación.cpp">
      <Filter>Source Files</Filter>
    </ClCompile>
  </ItemGroup>
  <ItemGroup>
    <ClInclude Include="VentanaPrincipal.h">
      <Filter>Header Files</Filter>
    </ClInclude>
    <ClInclude Include="NodoAB.h">
      <Filter>Header Files</Filter>
    </ClInclude>
    <ClInclude Include="ArbolB.h">
      <Filter>Header Files</Filter>
    </ClInclude>
    <ClInclude Include="ArbolBB.h">
      <Filter>Header Files</Filter>
    </ClInclude>
    <ClInclude Include="NodoABB.h">
      <Filter>Header Files</Filter>
    </ClInclude>
    <ClInclude Include="Utilidades.h">
      <Filter>Header Files</Filter>
    </ClInclude>
    <ClInclude Include="NodoAVL.h">
      <Filter>Header Files</Filter>
    </ClInclude>
    <ClInclude Include="ArbolAVL.h">
      <Filter>Header Files</Filter>
    </ClInclude>
    <ClInclude Include="NodoARN.h">
      <Filter>Header Files</Filter>
    </ClInclude>
    <ClInclude Include="ArbolRN.h">
      <Filter>Header Files</Filter>
    </ClInclude>
    <ClInclude Include="NodoAAA.h">
      <Filter>Header Files</Filter>
    </ClInclude>
    <ClInclude Include="ArbolAA.h">
      <Filter>Header Files</Filter>
    </ClInclude>
    <ClInclude Include="VentanaSupermercado.h">
      <Filter>Header Files</Filter>
    </ClInclude>
    <ClInclude Include="VentanaInsercion.h">
      <Filter>Header Files</Filter>
    </ClInclude>
    <ClInclude Include="VentanaConsultas.h">
      <Filter>Header Files</Filter>
    </ClInclude>
    <ClInclude Include="VentanaModificacion.h">
      <Filter>Header Files</Filter>
    </ClInclude>
    <ClInclude Include="Proyecto3.h">
      <Filter>Header Files</Filter>
    </ClInclude>
    <ClInclude Include="VentanaEliminación.h">
      <Filter>Header Files</Filter>
    </ClInclude>
  </ItemGroup>
</Project>